
Microsoft Visual Studio Solution File, Format Version 12.00
# Visual Studio Version 17
VisualStudioVersion = 17.11.35431.28
MinimumVisualStudioVersion = 10.0.40219.1
Project("{FAE04EC0-301F-11D3-BF4B-00C04F79EFBC}") = "UnlockedBundles", "UnlockedBundles.csproj", "{AD9D30C6-BB2C-44DE-90DA-B14E9624C58B}"
EndProject
Global
	GlobalSection(SolutionConfigurationPlatforms) = preSolution
		Debug|Any CPU = Debug|Any CPU
		Release|Any CPU = Release|Any CPU
	EndGlobalSection
	GlobalSection(ProjectConfigurationPlatforms) = postSolution
		{AD9D30C6-BB2C-44DE-90DA-B14E9624C58B}.Debug|Any CPU.ActiveCfg = Debug|Any CPU
		{AD9D30C6-BB2C-44DE-90DA-B14E9624C58B}.Debug|Any CPU.Build.0 = Debug|Any CPU
		{AD9D30C6-BB2C-44DE-90DA-B14E9624C58B}.Release|Any CPU.ActiveCfg = Release|Any CPU
		{AD9D30C6-BB2C-44DE-90DA-B14E9624C58B}.Release|Any CPU.Build.0 = Release|Any CPU
	EndGlobalSection
	GlobalSection(SolutionProperties) = preSolution
		HideSolutionNode = FALSE
	EndGlobalSection
	GlobalSection(ExtensibilityGlobals) = postSolution
		SolutionGuid = {F46EFD44-C30E-4962-AC65-0B2619113298}
	EndGlobalSection
EndGlobal
